// !$*UTF8*$!
{
	archiveVersion = 1;
	classes = {
	};
	objectVersion = 56;
	objects = {

/* Begin PBXBuildFile section */
		4014C4802C99FE4300F05AAA /* MapViewModel.swift in Sources */ = {isa = PBXBuildFile; fileRef = 4014C47F2C99FE4300F05AAA /* MapViewModel.swift */; };
		4014C4832C9A38A400F05AAA /* InfoView.swift in Sources */ = {isa = PBXBuildFile; fileRef = 4014C4822C9A38A400F05AAA /* InfoView.swift */; };
		4014C4CD2C9A76AF00F05AAA /* DeviceRotationViewModifier.swift in Sources */ = {isa = PBXBuildFile; fileRef = 4014C4CC2C9A76AF00F05AAA /* DeviceRotationViewModifier.swift */; };
		401B6D392C9BC4970028045A /* CitiesManager.swift in Sources */ = {isa = PBXBuildFile; fileRef = 401B6D382C9BC4970028045A /* CitiesManager.swift */; };
		4022FF332C9A801500E3677C /* UIScreen+Extras.swift in Sources */ = {isa = PBXBuildFile; fileRef = 4022FF322C9A801500E3677C /* UIScreen+Extras.swift */; };
		404FBD1D2C991EDD00E04BDD /* MainTabBarController.swift in Sources */ = {isa = PBXBuildFile; fileRef = 404FBD1C2C991EDD00E04BDD /* MainTabBarController.swift */; };
		404FBD202C991F2B00E04BDD /* CitiesSearchScreen.swift in Sources */ = {isa = PBXBuildFile; fileRef = 404FBD1F2C991F2B00E04BDD /* CitiesSearchScreen.swift */; };
		404FBD232C991F5900E04BDD /* FavouritesScreen.swift in Sources */ = {isa = PBXBuildFile; fileRef = 404FBD222C991F5900E04BDD /* FavouritesScreen.swift */; };
		404FBD262C991FB400E04BDD /* View+Embed.swift in Sources */ = {isa = PBXBuildFile; fileRef = 404FBD252C991FB400E04BDD /* View+Embed.swift */; };
		404FBD282C9920EC00E04BDD /* CitiesViewModel.swift in Sources */ = {isa = PBXBuildFile; fileRef = 404FBD272C9920EC00E04BDD /* CitiesViewModel.swift */; };
		404FBD2B2C99212900E04BDD /* AsyncContentView.swift in Sources */ = {isa = PBXBuildFile; fileRef = 404FBD2A2C99212900E04BDD /* AsyncContentView.swift */; };
		404FBD2E2C99214600E04BDD /* ErrorView.swift in Sources */ = {isa = PBXBuildFile; fileRef = 404FBD2D2C99214600E04BDD /* ErrorView.swift */; };
		404FBD312C99233C00E04BDD /* OnFirstAppearModifier.swift in Sources */ = {isa = PBXBuildFile; fileRef = 404FBD302C99233C00E04BDD /* OnFirstAppearModifier.swift */; };
		40CD69322C9926AB00DAAE74 /* CityRowView.swift in Sources */ = {isa = PBXBuildFile; fileRef = 40CD69312C9926AB00DAAE74 /* CityRowView.swift */; };
		40D314952C9535D1004F93BB /* AppDelegate.swift in Sources */ = {isa = PBXBuildFile; fileRef = 40D314942C9535D1004F93BB /* AppDelegate.swift */; };
		40D314972C9535D1004F93BB /* SceneDelegate.swift in Sources */ = {isa = PBXBuildFile; fileRef = 40D314962C9535D1004F93BB /* SceneDelegate.swift */; };
		40D3149F2C9535D1004F93BB /* CitiesSearchApp.xcdatamodeld in Sources */ = {isa = PBXBuildFile; fileRef = 40D3149D2C9535D1004F93BB /* CitiesSearchApp.xcdatamodeld */; };
		40D314A12C9535D2004F93BB /* Assets.xcassets in Resources */ = {isa = PBXBuildFile; fileRef = 40D314A02C9535D2004F93BB /* Assets.xcassets */; };
		40D314A42C9535D2004F93BB /* Base in Resources */ = {isa = PBXBuildFile; fileRef = 40D314A32C9535D2004F93BB /* Base */; };
		40D314AF2C9535D2004F93BB /* CitiesSearchAppTests.swift in Sources */ = {isa = PBXBuildFile; fileRef = 40D314AE2C9535D2004F93BB /* CitiesSearchAppTests.swift */; };
		40D314B92C9535D2004F93BB /* CitiesSearchAppUITests.swift in Sources */ = {isa = PBXBuildFile; fileRef = 40D314B82C9535D2004F93BB /* CitiesSearchAppUITests.swift */; };
		40D314BB2C9535D2004F93BB /* CitiesSearchAppUITestsLaunchTests.swift in Sources */ = {isa = PBXBuildFile; fileRef = 40D314BA2C9535D2004F93BB /* CitiesSearchAppUITestsLaunchTests.swift */; };
		40D314CA2C953830004F93BB /* APIManager.swift in Sources */ = {isa = PBXBuildFile; fileRef = 40D314C92C953830004F93BB /* APIManager.swift */; };
		40D314CD2C953909004F93BB /* Constants.swift in Sources */ = {isa = PBXBuildFile; fileRef = 40D314CC2C953909004F93BB /* Constants.swift */; };
		40D314D02C953A7B004F93BB /* CityModel.swift in Sources */ = {isa = PBXBuildFile; fileRef = 40D314CF2C953A7B004F93BB /* CityModel.swift */; };
		40EA09B62C99E4BA000740EA /* MapView.swift in Sources */ = {isa = PBXBuildFile; fileRef = 40EA09B52C99E4BA000740EA /* MapView.swift */; };
		40EA09B92C99F512000740EA /* NavigationHandling.swift in Sources */ = {isa = PBXBuildFile; fileRef = 40EA09B82C99F512000740EA /* NavigationHandling.swift */; };
		40EA09BB2C99F59A000740EA /* DefaultNavigationHandling.swift in Sources */ = {isa = PBXBuildFile; fileRef = 40EA09BA2C99F59A000740EA /* DefaultNavigationHandling.swift */; };
/* End PBXBuildFile section */

/* Begin PBXContainerItemProxy section */
		40D314AB2C9535D2004F93BB /* PBXContainerItemProxy */ = {
			isa = PBXContainerItemProxy;
			containerPortal = 40D314892C9535D1004F93BB /* Project object */;
			proxyType = 1;
			remoteGlobalIDString = 40D314902C9535D1004F93BB;
			remoteInfo = CitiesSearchApp;
		};
		40D314B52C9535D2004F93BB /* PBXContainerItemProxy */ = {
			isa = PBXContainerItemProxy;
			containerPortal = 40D314892C9535D1004F93BB /* Project object */;
			proxyType = 1;
			remoteGlobalIDString = 40D314902C9535D1004F93BB;
			remoteInfo = CitiesSearchApp;
		};
/* End PBXContainerItemProxy section */

/* Begin PBXFileReference section */
		4014C47F2C99FE4300F05AAA /* MapViewModel.swift */ = {isa = PBXFileReference; lastKnownFileType = sourcecode.swift; path = MapViewModel.swift; sourceTree = "<group>"; };
		4014C4822C9A38A400F05AAA /* InfoView.swift */ = {isa = PBXFileReference; lastKnownFileType = sourcecode.swift; path = InfoView.swift; sourceTree = "<group>"; };
		4014C4CC2C9A76AF00F05AAA /* DeviceRotationViewModifier.swift */ = {isa = PBXFileReference; lastKnownFileType = sourcecode.swift; path = DeviceRotationViewModifier.swift; sourceTree = "<group>"; };
		401B6D382C9BC4970028045A /* CitiesManager.swift */ = {isa = PBXFileReference; lastKnownFileType = sourcecode.swift; path = CitiesManager.swift; sourceTree = "<group>"; };
		4022FF322C9A801500E3677C /* UIScreen+Extras.swift */ = {isa = PBXFileReference; lastKnownFileType = sourcecode.swift; path = "UIScreen+Extras.swift"; sourceTree = "<group>"; };
		404FBD1C2C991EDD00E04BDD /* MainTabBarController.swift */ = {isa = PBXFileReference; lastKnownFileType = sourcecode.swift; path = MainTabBarController.swift; sourceTree = "<group>"; };
		404FBD1F2C991F2B00E04BDD /* CitiesSearchScreen.swift */ = {isa = PBXFileReference; lastKnownFileType = sourcecode.swift; path = CitiesSearchScreen.swift; sourceTree = "<group>"; };
		404FBD222C991F5900E04BDD /* FavouritesScreen.swift */ = {isa = PBXFileReference; lastKnownFileType = sourcecode.swift; path = FavouritesScreen.swift; sourceTree = "<group>"; };
		404FBD252C991FB400E04BDD /* View+Embed.swift */ = {isa = PBXFileReference; lastKnownFileType = sourcecode.swift; path = "View+Embed.swift"; sourceTree = "<group>"; };
		404FBD272C9920EC00E04BDD /* CitiesViewModel.swift */ = {isa = PBXFileReference; lastKnownFileType = sourcecode.swift; path = CitiesViewModel.swift; sourceTree = "<group>"; };
		404FBD2A2C99212900E04BDD /* AsyncContentView.swift */ = {isa = PBXFileReference; lastKnownFileType = sourcecode.swift; path = AsyncContentView.swift; sourceTree = "<group>"; };
		404FBD2D2C99214600E04BDD /* ErrorView.swift */ = {isa = PBXFileReference; lastKnownFileType = sourcecode.swift; path = ErrorView.swift; sourceTree = "<group>"; };
		404FBD302C99233C00E04BDD /* OnFirstAppearModifier.swift */ = {isa = PBXFileReference; lastKnownFileType = sourcecode.swift; path = OnFirstAppearModifier.swift; sourceTree = "<group>"; };
		40CD69312C9926AB00DAAE74 /* CityRowView.swift */ = {isa = PBXFileReference; lastKnownFileType = sourcecode.swift; path = CityRowView.swift; sourceTree = "<group>"; };
		40D314912C9535D1004F93BB /* CitiesSearchApp.app */ = {isa = PBXFileReference; explicitFileType = wrapper.application; includeInIndex = 0; path = CitiesSearchApp.app; sourceTree = BUILT_PRODUCTS_DIR; };
		40D314942C9535D1004F93BB /* AppDelegate.swift */ = {isa = PBXFileReference; lastKnownFileType = sourcecode.swift; path = AppDelegate.swift; sourceTree = "<group>"; };
		40D314962C9535D1004F93BB /* SceneDelegate.swift */ = {isa = PBXFileReference; lastKnownFileType = sourcecode.swift; path = SceneDelegate.swift; sourceTree = "<group>"; };
		40D3149E2C9535D1004F93BB /* CitiesSearchApp.xcdatamodel */ = {isa = PBXFileReference; lastKnownFileType = wrapper.xcdatamodel; path = CitiesSearchApp.xcdatamodel; sourceTree = "<group>"; };
		40D314A02C9535D2004F93BB /* Assets.xcassets */ = {isa = PBXFileReference; lastKnownFileType = folder.assetcatalog; path = Assets.xcassets; sourceTree = "<group>"; };
		40D314A32C9535D2004F93BB /* Base */ = {isa = PBXFileReference; lastKnownFileType = file.storyboard; name = Base; path = Base.lproj/LaunchScreen.storyboard; sourceTree = "<group>"; };
		40D314A52C9535D2004F93BB /* Info.plist */ = {isa = PBXFileReference; lastKnownFileType = text.plist.xml; path = Info.plist; sourceTree = "<group>"; };
		40D314AA2C9535D2004F93BB /* CitiesSearchAppTests.xctest */ = {isa = PBXFileReference; explicitFileType = wrapper.cfbundle; includeInIndex = 0; path = CitiesSearchAppTests.xctest; sourceTree = BUILT_PRODUCTS_DIR; };
		40D314AE2C9535D2004F93BB /* CitiesSearchAppTests.swift */ = {isa = PBXFileReference; lastKnownFileType = sourcecode.swift; path = CitiesSearchAppTests.swift; sourceTree = "<group>"; };
		40D314B42C9535D2004F93BB /* CitiesSearchAppUITests.xctest */ = {isa = PBXFileReference; explicitFileType = wrapper.cfbundle; includeInIndex = 0; path = CitiesSearchAppUITests.xctest; sourceTree = BUILT_PRODUCTS_DIR; };
		40D314B82C9535D2004F93BB /* CitiesSearchAppUITests.swift */ = {isa = PBXFileReference; lastKnownFileType = sourcecode.swift; path = CitiesSearchAppUITests.swift; sourceTree = "<group>"; };
		40D314BA2C9535D2004F93BB /* CitiesSearchAppUITestsLaunchTests.swift */ = {isa = PBXFileReference; lastKnownFileType = sourcecode.swift; path = CitiesSearchAppUITestsLaunchTests.swift; sourceTree = "<group>"; };
		40D314C92C953830004F93BB /* APIManager.swift */ = {isa = PBXFileReference; lastKnownFileType = sourcecode.swift; path = APIManager.swift; sourceTree = "<group>"; };
		40D314CC2C953909004F93BB /* Constants.swift */ = {isa = PBXFileReference; lastKnownFileType = sourcecode.swift; path = Constants.swift; sourceTree = "<group>"; };
		40D314CF2C953A7B004F93BB /* CityModel.swift */ = {isa = PBXFileReference; lastKnownFileType = sourcecode.swift; path = CityModel.swift; sourceTree = "<group>"; };
		40EA09B52C99E4BA000740EA /* MapView.swift */ = {isa = PBXFileReference; lastKnownFileType = sourcecode.swift; path = MapView.swift; sourceTree = "<group>"; };
		40EA09B82C99F512000740EA /* NavigationHandling.swift */ = {isa = PBXFileReference; lastKnownFileType = sourcecode.swift; path = NavigationHandling.swift; sourceTree = "<group>"; };
		40EA09BA2C99F59A000740EA /* DefaultNavigationHandling.swift */ = {isa = PBXFileReference; lastKnownFileType = sourcecode.swift; path = DefaultNavigationHandling.swift; sourceTree = "<group>"; };
/* End PBXFileReference section */

/* Begin PBXFrameworksBuildPhase section */
		40D3148E2C9535D1004F93BB /* Frameworks */ = {
			isa = PBXFrameworksBuildPhase;
			buildActionMask = 2147483647;
			files = (
			);
			runOnlyForDeploymentPostprocessing = 0;
		};
		40D314A72C9535D2004F93BB /* Frameworks */ = {
			isa = PBXFrameworksBuildPhase;
			buildActionMask = 2147483647;
			files = (
			);
			runOnlyForDeploymentPostprocessing = 0;
		};
		40D314B12C9535D2004F93BB /* Frameworks */ = {
			isa = PBXFrameworksBuildPhase;
			buildActionMask = 2147483647;
			files = (
			);
			runOnlyForDeploymentPostprocessing = 0;
		};
/* End PBXFrameworksBuildPhase section */

/* Begin PBXGroup section */
		4014C47D2C99FCDF00F05AAA /* Views */ = {
			isa = PBXGroup;
			children = (
				404FBD1F2C991F2B00E04BDD /* CitiesSearchScreen.swift */,
				40CD69312C9926AB00DAAE74 /* CityRowView.swift */,
			);
			path = Views;
			sourceTree = "<group>";
		};
		4014C47E2C99FCE500F05AAA /* ViewModel */ = {
			isa = PBXGroup;
			children = (
				404FBD272C9920EC00E04BDD /* CitiesViewModel.swift */,
			);
			path = ViewModel;
			sourceTree = "<group>";
		};
		4014C4812C9A389700F05AAA /* InfoView */ = {
			isa = PBXGroup;
			children = (
				4014C4822C9A38A400F05AAA /* InfoView.swift */,
			);
			path = InfoView;
			sourceTree = "<group>";
		};
		404FBD1A2C991EB400E04BDD /* Modules */ = {
			isa = PBXGroup;
			children = (
				404FBD2C2C99213D00E04BDD /* ErrorView */,
				404FBD292C99210300E04BDD /* AsyncContentView */,
				404FBD212C991F3B00E04BDD /* FavouritesPage */,
				404FBD1E2C991F0800E04BDD /* CitiesPage */,
				4014C4812C9A389700F05AAA /* InfoView */,
				40EA09B42C99E4AA000740EA /* MapView */,
				404FBD1B2C991ECE00E04BDD /* TabBar */,
			);
			path = Modules;
			sourceTree = "<group>";
		};
		404FBD1B2C991ECE00E04BDD /* TabBar */ = {
			isa = PBXGroup;
			children = (
				404FBD1C2C991EDD00E04BDD /* MainTabBarController.swift */,
			);
			path = TabBar;
			sourceTree = "<group>";
		};
		404FBD1E2C991F0800E04BDD /* CitiesPage */ = {
			isa = PBXGroup;
			children = (
				4014C47E2C99FCE500F05AAA /* ViewModel */,
				4014C47D2C99FCDF00F05AAA /* Views */,
			);
			path = CitiesPage;
			sourceTree = "<group>";
		};
		404FBD212C991F3B00E04BDD /* FavouritesPage */ = {
			isa = PBXGroup;
			children = (
				404FBD222C991F5900E04BDD /* FavouritesScreen.swift */,
			);
			path = FavouritesPage;
			sourceTree = "<group>";
		};
		404FBD242C991F9A00E04BDD /* Extensions */ = {
			isa = PBXGroup;
			children = (
				404FBD252C991FB400E04BDD /* View+Embed.swift */,
				4022FF322C9A801500E3677C /* UIScreen+Extras.swift */,
			);
			path = Extensions;
			sourceTree = "<group>";
		};
		404FBD292C99210300E04BDD /* AsyncContentView */ = {
			isa = PBXGroup;
			children = (
				404FBD2A2C99212900E04BDD /* AsyncContentView.swift */,
			);
			path = AsyncContentView;
			sourceTree = "<group>";
		};
		404FBD2C2C99213D00E04BDD /* ErrorView */ = {
			isa = PBXGroup;
			children = (
				404FBD2D2C99214600E04BDD /* ErrorView.swift */,
			);
			path = ErrorView;
			sourceTree = "<group>";
		};
		404FBD2F2C99232600E04BDD /* ViewModifiers */ = {
			isa = PBXGroup;
			children = (
				404FBD302C99233C00E04BDD /* OnFirstAppearModifier.swift */,
				4014C4CC2C9A76AF00F05AAA /* DeviceRotationViewModifier.swift */,
			);
			path = ViewModifiers;
			sourceTree = "<group>";
		};
		40D314882C9535D1004F93BB = {
			isa = PBXGroup;
			children = (
				40D314932C9535D1004F93BB /* CitiesSearchApp */,
				40D314AD2C9535D2004F93BB /* CitiesSearchAppTests */,
				40D314B72C9535D2004F93BB /* CitiesSearchAppUITests */,
				40D314922C9535D1004F93BB /* Products */,
			);
			sourceTree = "<group>";
		};
		40D314922C9535D1004F93BB /* Products */ = {
			isa = PBXGroup;
			children = (
				40D314912C9535D1004F93BB /* CitiesSearchApp.app */,
				40D314AA2C9535D2004F93BB /* CitiesSearchAppTests.xctest */,
				40D314B42C9535D2004F93BB /* CitiesSearchAppUITests.xctest */,
			);
			name = Products;
			sourceTree = "<group>";
		};
		40D314932C9535D1004F93BB /* CitiesSearchApp */ = {
			isa = PBXGroup;
			children = (
				40D314C72C953811004F93BB /* App */,
				40D314942C9535D1004F93BB /* AppDelegate.swift */,
				40D314962C9535D1004F93BB /* SceneDelegate.swift */,
				40D314A02C9535D2004F93BB /* Assets.xcassets */,
				40D314A22C9535D2004F93BB /* LaunchScreen.storyboard */,
				40D314A52C9535D2004F93BB /* Info.plist */,
				40D3149D2C9535D1004F93BB /* CitiesSearchApp.xcdatamodeld */,
			);
			path = CitiesSearchApp;
			sourceTree = "<group>";
		};
		40D314AD2C9535D2004F93BB /* CitiesSearchAppTests */ = {
			isa = PBXGroup;
			children = (
				40D314AE2C9535D2004F93BB /* CitiesSearchAppTests.swift */,
			);
			path = CitiesSearchAppTests;
			sourceTree = "<group>";
		};
		40D314B72C9535D2004F93BB /* CitiesSearchAppUITests */ = {
			isa = PBXGroup;
			children = (
				40D314B82C9535D2004F93BB /* CitiesSearchAppUITests.swift */,
				40D314BA2C9535D2004F93BB /* CitiesSearchAppUITestsLaunchTests.swift */,
			);
			path = CitiesSearchAppUITests;
			sourceTree = "<group>";
		};
		40D314C72C953811004F93BB /* App */ = {
			isa = PBXGroup;
			children = (
				40EA09B72C99F4FE000740EA /* Navigator */,
				404FBD2F2C99232600E04BDD /* ViewModifiers */,
				404FBD242C991F9A00E04BDD /* Extensions */,
				40D314CB2C9538FA004F93BB /* Constants */,
				40D314C82C953819004F93BB /* Managers */,
				404FBD1A2C991EB400E04BDD /* Modules */,
				40D314CE2C953A5F004F93BB /* Models */,
			);
			path = App;
			sourceTree = "<group>";
		};
		40D314C82C953819004F93BB /* Managers */ = {
			isa = PBXGroup;
			children = (
				40D314C92C953830004F93BB /* APIManager.swift */,
				401B6D382C9BC4970028045A /* CitiesManager.swift */,
			);
			path = Managers;
			sourceTree = "<group>";
		};
		40D314CB2C9538FA004F93BB /* Constants */ = {
			isa = PBXGroup;
			children = (
				40D314CC2C953909004F93BB /* Constants.swift */,
			);
			path = Constants;
			sourceTree = "<group>";
		};
		40D314CE2C953A5F004F93BB /* Models */ = {
			isa = PBXGroup;
			children = (
				40D314CF2C953A7B004F93BB /* CityModel.swift */,
			);
			path = Models;
			sourceTree = "<group>";
		};
		40EA09B42C99E4AA000740EA /* MapView */ = {
			isa = PBXGroup;
			children = (
				40EA09B52C99E4BA000740EA /* MapView.swift */,
				4014C47F2C99FE4300F05AAA /* MapViewModel.swift */,
			);
			path = MapView;
			sourceTree = "<group>";
		};
		40EA09B72C99F4FE000740EA /* Navigator */ = {
			isa = PBXGroup;
			children = (
				40EA09B82C99F512000740EA /* NavigationHandling.swift */,
				40EA09BA2C99F59A000740EA /* DefaultNavigationHandling.swift */,
			);
			path = Navigator;
			sourceTree = "<group>";
		};
/* End PBXGroup section */

/* Begin PBXNativeTarget section */
		40D314902C9535D1004F93BB /* CitiesSearchApp */ = {
			isa = PBXNativeTarget;
			buildConfigurationList = 40D314BE2C9535D2004F93BB /* Build configuration list for PBXNativeTarget "CitiesSearchApp" */;
			buildPhases = (
				40D3148D2C9535D1004F93BB /* Sources */,
				40D3148E2C9535D1004F93BB /* Frameworks */,
				40D3148F2C9535D1004F93BB /* Resources */,
			);
			buildRules = (
			);
			dependencies = (
			);
			name = CitiesSearchApp;
			productName = CitiesSearchApp;
			productReference = 40D314912C9535D1004F93BB /* CitiesSearchApp.app */;
			productType = "com.apple.product-type.application";
		};
		40D314A92C9535D2004F93BB /* CitiesSearchAppTests */ = {
			isa = PBXNativeTarget;
			buildConfigurationList = 40D314C12C9535D2004F93BB /* Build configuration list for PBXNativeTarget "CitiesSearchAppTests" */;
			buildPhases = (
				40D314A62C9535D2004F93BB /* Sources */,
				40D314A72C9535D2004F93BB /* Frameworks */,
				40D314A82C9535D2004F93BB /* Resources */,
			);
			buildRules = (
			);
			dependencies = (
				40D314AC2C9535D2004F93BB /* PBXTargetDependency */,
			);
			name = CitiesSearchAppTests;
			productName = CitiesSearchAppTests;
			productReference = 40D314AA2C9535D2004F93BB /* CitiesSearchAppTests.xctest */;
			productType = "com.apple.product-type.bundle.unit-test";
		};
		40D314B32C9535D2004F93BB /* CitiesSearchAppUITests */ = {
			isa = PBXNativeTarget;
			buildConfigurationList = 40D314C42C9535D2004F93BB /* Build configuration list for PBXNativeTarget "CitiesSearchAppUITests" */;
			buildPhases = (
				40D314B02C9535D2004F93BB /* Sources */,
				40D314B12C9535D2004F93BB /* Frameworks */,
				40D314B22C9535D2004F93BB /* Resources */,
			);
			buildRules = (
			);
			dependencies = (
				40D314B62C9535D2004F93BB /* PBXTargetDependency */,
			);
			name = CitiesSearchAppUITests;
			productName = CitiesSearchAppUITests;
			productReference = 40D314B42C9535D2004F93BB /* CitiesSearchAppUITests.xctest */;
			productType = "com.apple.product-type.bundle.ui-testing";
		};
/* End PBXNativeTarget section */

/* Begin PBXProject section */
		40D314892C9535D1004F93BB /* Project object */ = {
			isa = PBXProject;
			attributes = {
				BuildIndependentTargetsInParallel = 1;
				LastSwiftUpdateCheck = 1530;
				LastUpgradeCheck = 1530;
				TargetAttributes = {
					40D314902C9535D1004F93BB = {
						CreatedOnToolsVersion = 15.3;
					};
					40D314A92C9535D2004F93BB = {
						CreatedOnToolsVersion = 15.3;
						TestTargetID = 40D314902C9535D1004F93BB;
					};
					40D314B32C9535D2004F93BB = {
						CreatedOnToolsVersion = 15.3;
						TestTargetID = 40D314902C9535D1004F93BB;
					};
				};
			};
			buildConfigurationList = 40D3148C2C9535D1004F93BB /* Build configuration list for PBXProject "CitiesSearchApp" */;
			compatibilityVersion = "Xcode 14.0";
			developmentRegion = en;
			hasScannedForEncodings = 0;
			knownRegions = (
				en,
				Base,
			);
			mainGroup = 40D314882C9535D1004F93BB;
			productRefGroup = 40D314922C9535D1004F93BB /* Products */;
			projectDirPath = "";
			projectRoot = "";
			targets = (
				40D314902C9535D1004F93BB /* CitiesSearchApp */,
				40D314A92C9535D2004F93BB /* CitiesSearchAppTests */,
				40D314B32C9535D2004F93BB /* CitiesSearchAppUITests */,
			);
		};
/* End PBXProject section */

/* Begin PBXResourcesBuildPhase section */
		40D3148F2C9535D1004F93BB /* Resources */ = {
			isa = PBXResourcesBuildPhase;
			buildActionMask = 2147483647;
			files = (
				40D314A12C9535D2004F93BB /* Assets.xcassets in Resources */,
				40D314A42C9535D2004F93BB /* Base in Resources */,
			);
			runOnlyForDeploymentPostprocessing = 0;
		};
		40D314A82C9535D2004F93BB /* Resources */ = {
			isa = PBXResourcesBuildPhase;
			buildActionMask = 2147483647;
			files = (
			);
			runOnlyForDeploymentPostprocessing = 0;
		};
		40D314B22C9535D2004F93BB /* Resources */ = {
			isa = PBXResourcesBuildPhase;
			buildActionMask = 2147483647;
			files = (
			);
			runOnlyForDeploymentPostprocessing = 0;
		};
/* End PBXResourcesBuildPhase section */

/* Begin PBXSourcesBuildPhase section */
		40D3148D2C9535D1004F93BB /* Sources */ = {
			isa = PBXSourcesBuildPhase;
			buildActionMask = 2147483647;
			files = (
				40CD69322C9926AB00DAAE74 /* CityRowView.swift in Sources */,
				4014C4CD2C9A76AF00F05AAA /* DeviceRotationViewModifier.swift in Sources */,
				40EA09B62C99E4BA000740EA /* MapView.swift in Sources */,
				40D314CD2C953909004F93BB /* Constants.swift in Sources */,
				404FBD2B2C99212900E04BDD /* AsyncContentView.swift in Sources */,
				404FBD232C991F5900E04BDD /* FavouritesScreen.swift in Sources */,
				404FBD262C991FB400E04BDD /* View+Embed.swift in Sources */,
				40EA09BB2C99F59A000740EA /* DefaultNavigationHandling.swift in Sources */,
				40EA09B92C99F512000740EA /* NavigationHandling.swift in Sources */,
				4014C4832C9A38A400F05AAA /* InfoView.swift in Sources */,
				40D314CA2C953830004F93BB /* APIManager.swift in Sources */,
				404FBD202C991F2B00E04BDD /* CitiesSearchScreen.swift in Sources */,
				4022FF332C9A801500E3677C /* UIScreen+Extras.swift in Sources */,
				4014C4802C99FE4300F05AAA /* MapViewModel.swift in Sources */,
				40D314D02C953A7B004F93BB /* CityModel.swift in Sources */,
				404FBD1D2C991EDD00E04BDD /* MainTabBarController.swift in Sources */,
				40D3149F2C9535D1004F93BB /* CitiesSearchApp.xcdatamodeld in Sources */,
				401B6D392C9BC4970028045A /* CitiesManager.swift in Sources */,
				40D314952C9535D1004F93BB /* AppDelegate.swift in Sources */,
				404FBD282C9920EC00E04BDD /* CitiesViewModel.swift in Sources */,
				404FBD312C99233C00E04BDD /* OnFirstAppearModifier.swift in Sources */,
				404FBD2E2C99214600E04BDD /* ErrorView.swift in Sources */,
				40D314972C9535D1004F93BB /* SceneDelegate.swift in Sources */,
			);
			runOnlyForDeploymentPostprocessing = 0;
		};
		40D314A62C9535D2004F93BB /* Sources */ = {
			isa = PBXSourcesBuildPhase;
			buildActionMask = 2147483647;
			files = (
				40D314AF2C9535D2004F93BB /* CitiesSearchAppTests.swift in Sources */,
			);
			runOnlyForDeploymentPostprocessing = 0;
		};
		40D314B02C9535D2004F93BB /* Sources */ = {
			isa = PBXSourcesBuildPhase;
			buildActionMask = 2147483647;
			files = (
				40D314B92C9535D2004F93BB /* CitiesSearchAppUITests.swift in Sources */,
				40D314BB2C9535D2004F93BB /* CitiesSearchAppUITestsLaunchTests.swift in Sources */,
			);
			runOnlyForDeploymentPostprocessing = 0;
		};
/* End PBXSourcesBuildPhase section */

/* Begin PBXTargetDependency section */
		40D314AC2C9535D2004F93BB /* PBXTargetDependency */ = {
			isa = PBXTargetDependency;
			target = 40D314902C9535D1004F93BB /* CitiesSearchApp */;
			targetProxy = 40D314AB2C9535D2004F93BB /* PBXContainerItemProxy */;
		};
		40D314B62C9535D2004F93BB /* PBXTargetDependency */ = {
			isa = PBXTargetDependency;
			target = 40D314902C9535D1004F93BB /* CitiesSearchApp */;
			targetProxy = 40D314B52C9535D2004F93BB /* PBXContainerItemProxy */;
		};
/* End PBXTargetDependency section */

/* Begin PBXVariantGroup section */
		40D314A22C9535D2004F93BB /* LaunchScreen.storyboard */ = {
			isa = PBXVariantGroup;
			children = (
				40D314A32C9535D2004F93BB /* Base */,
			);
			name = LaunchScreen.storyboard;
			sourceTree = "<group>";
		};
/* End PBXVariantGroup section */

/* Begin XCBuildConfiguration section */
		40D314BC2C9535D2004F93BB /* Debug */ = {
			isa = XCBuildConfiguration;
			buildSettings = {
				ALWAYS_SEARCH_USER_PATHS = NO;
				ASSETCATALOG_COMPILER_GENERATE_SWIFT_ASSET_SYMBOL_EXTENSIONS = YES;
				CLANG_ANALYZER_NONNULL = YES;
				CLANG_ANALYZER_NUMBER_OBJECT_CONVERSION = YES_AGGRESSIVE;
				CLANG_CXX_LANGUAGE_STANDARD = "gnu++20";
				CLANG_ENABLE_MODULES = YES;
				CLANG_ENABLE_OBJC_ARC = YES;
				CLANG_ENABLE_OBJC_WEAK = YES;
				CLANG_WARN_BLOCK_CAPTURE_AUTORELEASING = YES;
				CLANG_WARN_BOOL_CONVERSION = YES;
				CLANG_WARN_COMMA = YES;
				CLANG_WARN_CONSTANT_CONVERSION = YES;
				CLANG_WARN_DEPRECATED_OBJC_IMPLEMENTATIONS = YES;
				CLANG_WARN_DIRECT_OBJC_ISA_USAGE = YES_ERROR;
				CLANG_WARN_DOCUMENTATION_COMMENTS = YES;
				CLANG_WARN_EMPTY_BODY = YES;
				CLANG_WARN_ENUM_CONVERSION = YES;
				CLANG_WARN_INFINITE_RECURSION = YES;
				CLANG_WARN_INT_CONVERSION = YES;
				CLANG_WARN_NON_LITERAL_NULL_CONVERSION = YES;
				CLANG_WARN_OBJC_IMPLICIT_RETAIN_SELF = YES;
				CLANG_WARN_OBJC_LITERAL_CONVERSION = YES;
				CLANG_WARN_OBJC_ROOT_CLASS = YES_ERROR;
				CLANG_WARN_QUOTED_INCLUDE_IN_FRAMEWORK_HEADER = YES;
				CLANG_WARN_RANGE_LOOP_ANALYSIS = YES;
				CLANG_WARN_STRICT_PROTOTYPES = YES;
				CLANG_WARN_SUSPICIOUS_MOVE = YES;
				CLANG_WARN_UNGUARDED_AVAILABILITY = YES_AGGRESSIVE;
				CLANG_WARN_UNREACHABLE_CODE = YES;
				CLANG_WARN__DUPLICATE_METHOD_MATCH = YES;
				COPY_PHASE_STRIP = NO;
				DEBUG_INFORMATION_FORMAT = dwarf;
				ENABLE_STRICT_OBJC_MSGSEND = YES;
				ENABLE_TESTABILITY = YES;
				ENABLE_USER_SCRIPT_SANDBOXING = YES;
				GCC_C_LANGUAGE_STANDARD = gnu17;
				GCC_DYNAMIC_NO_PIC = NO;
				GCC_NO_COMMON_BLOCKS = YES;
				GCC_OPTIMIZATION_LEVEL = 0;
				GCC_PREPROCESSOR_DEFINITIONS = (
					"DEBUG=1",
					"$(inherited)",
				);
				GCC_WARN_64_TO_32_BIT_CONVERSION = YES;
				GCC_WARN_ABOUT_RETURN_TYPE = YES_ERROR;
				GCC_WARN_UNDECLARED_SELECTOR = YES;
				GCC_WARN_UNINITIALIZED_AUTOS = YES_AGGRESSIVE;
				GCC_WARN_UNUSED_FUNCTION = YES;
				GCC_WARN_UNUSED_VARIABLE = YES;
				IPHONEOS_DEPLOYMENT_TARGET = 17.4;
				LOCALIZATION_PREFERS_STRING_CATALOGS = YES;
				MTL_ENABLE_DEBUG_INFO = INCLUDE_SOURCE;
				MTL_FAST_MATH = YES;
				ONLY_ACTIVE_ARCH = YES;
				SDKROOT = iphoneos;
				SWIFT_ACTIVE_COMPILATION_CONDITIONS = "DEBUG $(inherited)";
				SWIFT_OPTIMIZATION_LEVEL = "-Onone";
			};
			name = Debug;
		};
		40D314BD2C9535D2004F93BB /* Release */ = {
			isa = XCBuildConfiguration;
			buildSettings = {
				ALWAYS_SEARCH_USER_PATHS = NO;
				ASSETCATALOG_COMPILER_GENERATE_SWIFT_ASSET_SYMBOL_EXTENSIONS = YES;
				CLANG_ANALYZER_NONNULL = YES;
				CLANG_ANALYZER_NUMBER_OBJECT_CONVERSION = YES_AGGRESSIVE;
				CLANG_CXX_LANGUAGE_STANDARD = "gnu++20";
				CLANG_ENABLE_MODULES = YES;
				CLANG_ENABLE_OBJC_ARC = YES;
				CLANG_ENABLE_OBJC_WEAK = YES;
				CLANG_WARN_BLOCK_CAPTURE_AUTORELEASING = YES;
				CLANG_WARN_BOOL_CONVERSION = YES;
				CLANG_WARN_COMMA = YES;
				CLANG_WARN_CONSTANT_CONVERSION = YES;
				CLANG_WARN_DEPRECATED_OBJC_IMPLEMENTATIONS = YES;
				CLANG_WARN_DIRECT_OBJC_ISA_USAGE = YES_ERROR;
				CLANG_WARN_DOCUMENTATION_COMMENTS = YES;
				CLANG_WARN_EMPTY_BODY = YES;
				CLANG_WARN_ENUM_CONVERSION = YES;
				CLANG_WARN_INFINITE_RECURSION = YES;
				CLANG_WARN_INT_CONVERSION = YES;
				CLANG_WARN_NON_LITERAL_NULL_CONVERSION = YES;
				CLANG_WARN_OBJC_IMPLICIT_RETAIN_SELF = YES;
				CLANG_WARN_OBJC_LITERAL_CONVERSION = YES;
				CLANG_WARN_OBJC_ROOT_CLASS = YES_ERROR;
				CLANG_WARN_QUOTED_INCLUDE_IN_FRAMEWORK_HEADER = YES;
				CLANG_WARN_RANGE_LOOP_ANALYSIS = YES;
				CLANG_WARN_STRICT_PROTOTYPES = YES;
				CLANG_WARN_SUSPICIOUS_MOVE = YES;
				CLANG_WARN_UNGUARDED_AVAILABILITY = YES_AGGRESSIVE;
				CLANG_WARN_UNREACHABLE_CODE = YES;
				CLANG_WARN__DUPLICATE_METHOD_MATCH = YES;
				COPY_PHASE_STRIP = NO;
				DEBUG_INFORMATION_FORMAT = "dwarf-with-dsym";
				ENABLE_NS_ASSERTIONS = NO;
				ENABLE_STRICT_OBJC_MSGSEND = YES;
				ENABLE_USER_SCRIPT_SANDBOXING = YES;
				GCC_C_LANGUAGE_STANDARD = gnu17;
				GCC_NO_COMMON_BLOCKS = YES;
				GCC_WARN_64_TO_32_BIT_CONVERSION = YES;
				GCC_WARN_ABOUT_RETURN_TYPE = YES_ERROR;
				GCC_WARN_UNDECLARED_SELECTOR = YES;
				GCC_WARN_UNINITIALIZED_AUTOS = YES_AGGRESSIVE;
				GCC_WARN_UNUSED_FUNCTION = YES;
				GCC_WARN_UNUSED_VARIABLE = YES;
				IPHONEOS_DEPLOYMENT_TARGET = 17.4;
				LOCALIZATION_PREFERS_STRING_CATALOGS = YES;
				MTL_ENABLE_DEBUG_INFO = NO;
				MTL_FAST_MATH = YES;
				SDKROOT = iphoneos;
				SWIFT_COMPILATION_MODE = wholemodule;
				VALIDATE_PRODUCT = YES;
			};
			name = Release;
		};
		40D314BF2C9535D2004F93BB /* Debug */ = {
			isa = XCBuildConfiguration;
			buildSettings = {
				ASSETCATALOG_COMPILER_APPICON_NAME = AppIcon;
				ASSETCATALOG_COMPILER_GLOBAL_ACCENT_COLOR_NAME = AccentColor;
				CODE_SIGN_STYLE = Automatic;
				CURRENT_PROJECT_VERSION = 1;
				DEVELOPMENT_TEAM = N5B5236N46;
				GENERATE_INFOPLIST_FILE = YES;
				INFOPLIST_FILE = CitiesSearchApp/Info.plist;
				INFOPLIST_KEY_UIApplicationSupportsIndirectInputEvents = YES;
				INFOPLIST_KEY_UILaunchStoryboardName = LaunchScreen;
				INFOPLIST_KEY_UISupportedInterfaceOrientations_iPad = "UIInterfaceOrientationPortrait UIInterfaceOrientationPortraitUpsideDown UIInterfaceOrientationLandscapeLeft UIInterfaceOrientationLandscapeRight";
				INFOPLIST_KEY_UISupportedInterfaceOrientations_iPhone = "UIInterfaceOrientationPortrait UIInterfaceOrientationLandscapeLeft UIInterfaceOrientationLandscapeRight";
				LD_RUNPATH_SEARCH_PATHS = (
					"$(inherited)",
					"@executable_path/Frameworks",
				);
				MARKETING_VERSION = 1.0;
				PRODUCT_BUNDLE_IDENTIFIER = com.cristian.CitiesSearchApp;
				PRODUCT_NAME = "$(TARGET_NAME)";
				SWIFT_EMIT_LOC_STRINGS = YES;
				SWIFT_VERSION = 5.0;
				TARGETED_DEVICE_FAMILY = "1,2";
			};
			name = Debug;
		};
		40D314C02C9535D2004F93BB /* Release */ = {
			isa = XCBuildConfiguration;
			buildSettings = {
				ASSETCATALOG_COMPILER_APPICON_NAME = AppIcon;
				ASSETCATALOG_COMPILER_GLOBAL_ACCENT_COLOR_NAME = AccentColor;
				CODE_SIGN_STYLE = Automatic;
				CURRENT_PROJECT_VERSION = 1;
				DEVELOPMENT_TEAM = N5B5236N46;
				GENERATE_INFOPLIST_FILE = YES;
				INFOPLIST_FILE = CitiesSearchApp/Info.plist;
				INFOPLIST_KEY_UIApplicationSupportsIndirectInputEvents = YES;
				INFOPLIST_KEY_UILaunchStoryboardName = LaunchScreen;
				INFOPLIST_KEY_UISupportedInterfaceOrientations_iPad = "UIInterfaceOrientationPortrait UIInterfaceOrientationPortraitUpsideDown UIInterfaceOrientationLandscapeLeft UIInterfaceOrientationLandscapeRight";
				INFOPLIST_KEY_UISupportedInterfaceOrientations_iPhone = "UIInterfaceOrientationPortrait UIInterfaceOrientationLandscapeLeft UIInterfaceOrientationLandscapeRight";
				LD_RUNPATH_SEARCH_PATHS = (
					"$(inherited)",
					"@executable_path/Frameworks",
				);
				MARKETING_VERSION = 1.0;
				PRODUCT_BUNDLE_IDENTIFIER = com.cristian.CitiesSearchApp;
				PRODUCT_NAME = "$(TARGET_NAME)";
				SWIFT_EMIT_LOC_STRINGS = YES;
				SWIFT_VERSION = 5.0;
				TARGETED_DEVICE_FAMILY = "1,2";
			};
			name = Release;
		};
		40D314C22C9535D2004F93BB /* Debug */ = {
			isa = XCBuildConfiguration;
			buildSettings = {
				ALWAYS_EMBED_SWIFT_STANDARD_LIBRARIES = YES;
				BUNDLE_LOADER = "$(TEST_HOST)";
				CODE_SIGN_STYLE = Automatic;
				CURRENT_PROJECT_VERSION = 1;
				DEVELOPMENT_TEAM = N5B5236N46;
				GENERATE_INFOPLIST_FILE = YES;
				IPHONEOS_DEPLOYMENT_TARGET = 17.4;
				MARKETING_VERSION = 1.0;
				PRODUCT_BUNDLE_IDENTIFIER = com.cristian.CitiesSearchAppTests;
				PRODUCT_NAME = "$(TARGET_NAME)";
				SWIFT_EMIT_LOC_STRINGS = NO;
				SWIFT_VERSION = 5.0;
				TARGETED_DEVICE_FAMILY = "1,2";
				TEST_HOST = "$(BUILT_PRODUCTS_DIR)/CitiesSearchApp.app/$(BUNDLE_EXECUTABLE_FOLDER_PATH)/CitiesSearchApp";
			};
			name = Debug;
		};
		40D314C32C9535D2004F93BB /* Release */ = {
			isa = XCBuildConfiguration;
			buildSettings = {
				ALWAYS_EMBED_SWIFT_STANDARD_LIBRARIES = YES;
				BUNDLE_LOADER = "$(TEST_HOST)";
				CODE_SIGN_STYLE = Automatic;
				CURRENT_PROJECT_VERSION = 1;
				DEVELOPMENT_TEAM = N5B5236N46;
				GENERATE_INFOPLIST_FILE = YES;
				IPHONEOS_DEPLOYMENT_TARGET = 17.4;
				MARKETING_VERSION = 1.0;
				PRODUCT_BUNDLE_IDENTIFIER = com.cristian.CitiesSearchAppTests;
				PRODUCT_NAME = "$(TARGET_NAME)";
				SWIFT_EMIT_LOC_STRINGS = NO;
				SWIFT_VERSION = 5.0;
				TARGETED_DEVICE_FAMILY = "1,2";
				TEST_HOST = "$(BUILT_PRODUCTS_DIR)/CitiesSearchApp.app/$(BUNDLE_EXECUTABLE_FOLDER_PATH)/CitiesSearchApp";
			};
			name = Release;
		};
		40D314C52C9535D2004F93BB /* Debug */ = {
			isa = XCBuildConfiguration;
			buildSettings = {
				ALWAYS_EMBED_SWIFT_STANDARD_LIBRARIES = YES;
				CODE_SIGN_STYLE = Automatic;
				CURRENT_PROJECT_VERSION = 1;
				DEVELOPMENT_TEAM = N5B5236N46;
				GENERATE_INFOPLIST_FILE = YES;
				MARKETING_VERSION = 1.0;
				PRODUCT_BUNDLE_IDENTIFIER = com.cristian.CitiesSearchAppUITests;
				PRODUCT_NAME = "$(TARGET_NAME)";
				SWIFT_EMIT_LOC_STRINGS = NO;
				SWIFT_VERSION = 5.0;
				TARGETED_DEVICE_FAMILY = "1,2";
				TEST_TARGET_NAME = CitiesSearchApp;
			};
			name = Debug;
		};
		40D314C62C9535D2004F93BB /* Release */ = {
			isa = XCBuildConfiguration;
			buildSettings = {
				ALWAYS_EMBED_SWIFT_STANDARD_LIBRARIES = YES;
				CODE_SIGN_STYLE = Automatic;
				CURRENT_PROJECT_VERSION = 1;
				DEVELOPMENT_TEAM = N5B5236N46;
				GENERATE_INFOPLIST_FILE = YES;
				MARKETING_VERSION = 1.0;
				PRODUCT_BUNDLE_IDENTIFIER = com.cristian.CitiesSearchAppUITests;
				PRODUCT_NAME = "$(TARGET_NAME)";
				SWIFT_EMIT_LOC_STRINGS = NO;
				SWIFT_VERSION = 5.0;
				TARGETED_DEVICE_FAMILY = "1,2";
				TEST_TARGET_NAME = CitiesSearchApp;
			};
			name = Release;
		};
/* End XCBuildConfiguration section */

/* Begin XCConfigurationList section */
		40D3148C2C9535D1004F93BB /* Build configuration list for PBXProject "CitiesSearchApp" */ = {
			isa = XCConfigurationList;
			buildConfigurations = (
				40D314BC2C9535D2004F93BB /* Debug */,
				40D314BD2C9535D2004F93BB /* Release */,
			);
			defaultConfigurationIsVisible = 0;
			defaultConfigurationName = Release;
		};
		40D314BE2C9535D2004F93BB /* Build configuration list for PBXNativeTarget "CitiesSearchApp" */ = {
			isa = XCConfigurationList;
			buildConfigurations = (
				40D314BF2C9535D2004F93BB /* Debug */,
				40D314C02C9535D2004F93BB /* Release */,
			);
			defaultConfigurationIsVisible = 0;
			defaultConfigurationName = Release;
		};
		40D314C12C9535D2004F93BB /* Build configuration list for PBXNativeTarget "CitiesSearchAppTests" */ = {
			isa = XCConfigurationList;
			buildConfigurations = (
				40D314C22C9535D2004F93BB /* Debug */,
				40D314C32C9535D2004F93BB /* Release */,
			);
			defaultConfigurationIsVisible = 0;
			defaultConfigurationName = Release;
		};
		40D314C42C9535D2004F93BB /* Build configuration list for PBXNativeTarget "CitiesSearchAppUITests" */ = {
			isa = XCConfigurationList;
			buildConfigurations = (
				40D314C52C9535D2004F93BB /* Debug */,
				40D314C62C9535D2004F93BB /* Release */,
			);
			defaultConfigurationIsVisible = 0;
			defaultConfigurationName = Release;
		};
/* End XCConfigurationList section */

/* Begin XCVersionGroup section */
		40D3149D2C9535D1004F93BB /* CitiesSearchApp.xcdatamodeld */ = {
			isa = XCVersionGroup;
			children = (
				40D3149E2C9535D1004F93BB /* CitiesSearchApp.xcdatamodel */,
			);
			currentVersion = 40D3149E2C9535D1004F93BB /* CitiesSearchApp.xcdatamodel */;
			path = CitiesSearchApp.xcdatamodeld;
			sourceTree = "<group>";
			versionGroupType = wrapper.xcdatamodel;
		};
/* End XCVersionGroup section */
	};
	rootObject = 40D314892C9535D1004F93BB /* Project object */;
}
